
Microsoft Visual Studio Solution File, Format Version 9.00
# Visual Studio 2005
Project("{FAE04EC0-301F-11D3-BF4B-00C04F79EFBC}") = "Haguichi", "Haguichi.csproj", "{C3A331EA-C111-4E07-8DEF-8DAF4D5FC799}"
EndProject
Project("{9344bdbb-3e7f-41fc-a0dd-8665d75ee146}") = "po", "po\po.mdproj", "{DA2D80B0-9E75-4FEB-A07D-842FAA3CAC5D}"
EndProject
Project("{9344bdbb-3e7f-41fc-a0dd-8665d75ee146}") = "build", "build\build.mdproj", "{BDDF6294-6E6A-41C0-A8ED-F5E99FA61EBF}"
EndProject
Global
	GlobalSection(SolutionConfigurationPlatforms) = preSolution
		Debug|Any CPU = Debug|Any CPU
		Release|Any CPU = Release|Any CPU
	EndGlobalSection
	GlobalSection(ProjectConfigurationPlatforms) = postSolution
		{BDDF6294-6E6A-41C0-A8ED-F5E99FA61EBF}.Debug|Any CPU.ActiveCfg = Debug|Any CPU
		{BDDF6294-6E6A-41C0-A8ED-F5E99FA61EBF}.Release|Any CPU.ActiveCfg = Release|Any CPU
		{C3A331EA-C111-4E07-8DEF-8DAF4D5FC799}.Debug|Any CPU.ActiveCfg = Debug|Any CPU
		{C3A331EA-C111-4E07-8DEF-8DAF4D5FC799}.Debug|Any CPU.Build.0 = Debug|Any CPU
		{C3A331EA-C111-4E07-8DEF-8DAF4D5FC799}.Release|Any CPU.ActiveCfg = Release|Any CPU
		{C3A331EA-C111-4E07-8DEF-8DAF4D5FC799}.Release|Any CPU.Build.0 = Release|Any CPU
		{DA2D80B0-9E75-4FEB-A07D-842FAA3CAC5D}.Debug|Any CPU.ActiveCfg = Debug|Any CPU
		{DA2D80B0-9E75-4FEB-A07D-842FAA3CAC5D}.Release|Any CPU.ActiveCfg = Release|Any CPU
	EndGlobalSection
	GlobalSection(MonoDevelopProperties) = preSolution
		version = 0.9.1
		StartupItem = Haguichi.csproj
		Policies = $0
		$0.TextStylePolicy = $1
		$1.FileWidth = 120
		$1.inheritsSet = VisualStudio
		$1.inheritsScope = text/plain
		$1.scope = text/plain
		$0.TextStylePolicy = $2
		$2.inheritsSet = null
		$2.scope = text/x-csharp
		$0.CSharpFormattingPolicy = $3
		$3.inheritsSet = Mono
		$3.inheritsScope = text/x-csharp
		$3.scope = text/x-csharp
		$0.TextStylePolicy = $4
		$4.inheritsSet = null
		$4.scope = application/x-desktop
	EndGlobalSection
EndGlobal
